# THIS IS AN AUTOGENERATED FILE. DO NOT EDIT THIS FILE DIRECTLY.
# yarn lockfile v1


"@material-tailwind/html@^2.0.0":
  version "2.0.0"
  resolved "https://registry.yarnpkg.com/@material-tailwind/html/-/html-2.0.0.tgz#028a1b01a19a354c9d1e61f6da57708d7439140c"
  integrity sha512-+om7F4fft1bejy3vWb9ZFYB3kRnFAtcgMUybi/0A5jvDJHR5rS+ieciBQ9K1GrZas4vx3adz1k7fV2+EFHmZ0A==
  dependencies:
    deepmerge "^4.2.2"
    material-ripple-effects "^2.0.1"

deepmerge@^4.2.2:
  version "4.3.1"
  resolved "https://registry.yarnpkg.com/deepmerge/-/deepmerge-4.3.1.tgz#44b5f2147cd3b00d4b56137685966f26fd25dd4a"
  integrity sha512-3sUqbMEc77XqpdNO7FRyRog+eW3ph+GYCbj+rK+uYyRMuwsVy0rMiVtPn+QJlKFvWP/1PYpapqYn0Me2knFn+A==

material-ripple-effects@^2.0.1:
  version "2.0.1"
  resolved "https://registry.yarnpkg.com/material-ripple-effects/-/material-ripple-effects-2.0.1.tgz#47803d2ab1561698d930e2524a7a9a19fb2829b7"
  integrity sha512-hHlUkZAuXbP94lu02VgrPidbZ3hBtgXBtjlwR8APNqOIgDZMV8MCIcsclL8FmGJQHvnORyvoQgC965vPsiyXLQ==
